// !$*UTF8*$!
{
	archiveVersion = 1;
	classes = {
	};
	objectVersion = 56;
	objects = {

/* Begin PBXBuildFile section */
		5F0FD483CC6B43A4BD48630A /* PlantWateringAssignmentApp.swift in Sources */ = {isa = PBXBuildFile; fileRef = 6F87A4E9DF144A3CAD792530 /* PlantWateringAssignmentApp.swift */; };
		D1F77E2B2DDE435699421F1F /* Plant.swift in Sources */ = {isa = PBXBuildFile; fileRef = D512146505EF462FAEB8F27C /* Plant.swift */; };
		F18E6D45A0F04683ADC4EC38 /* PlantViewModel.swift in Sources */ = {isa = PBXBuildFile; fileRef = 899852A0731B49EAAD5A5DA6 /* PlantViewModel.swift */; };
		28E2B420DA5F4260B8C23057 /* PlantListView.swift in Sources */ = {isa = PBXBuildFile; fileRef = 117B97539D3D4789BF2A863C /* PlantListView.swift */; };
		BAEA4A8D71D24C0EA469D9F4 /* AddPlantView.swift in Sources */ = {isa = PBXBuildFile; fileRef = 8A340B55594D4824B7E4C57D /* AddPlantView.swift */; };
		F797850A366340F3A9216937 /* PlantDetailView.swift in Sources */ = {isa = PBXBuildFile; fileRef = 00815AA73CB04BE8B1238742 /* PlantDetailView.swift */; };
		83D6CAEAE85C410093A07948 /* Assets.xcassets in Resources */ = {isa = PBXBuildFile; fileRef = 83137A49A0074C1AA0A259FC /* Assets.xcassets */; };
		E9B1A6DD1EF844C28978AE91 /* Preview Assets.xcassets in Resources */ = {isa = PBXBuildFile; fileRef = 12BA93C33F5A40EB8A66B24D /* Preview Assets.xcassets */; settings = {ATTRIBUTES = (Client, ); }; };
/* End PBXBuildFile section */

/* Begin PBXFileReference section */
		A8B986C0BCFA4D979C142793 /* PlantWateringAssignment.app */ = {isa = PBXFileReference; explicitFileType = wrapper.application; includeInIndex = 0; path = PlantWateringAssignment.app; sourceTree = BUILT_PRODUCTS_DIR; };
		6F87A4E9DF144A3CAD792530 /* PlantWateringAssignmentApp.swift */ = {isa = PBXFileReference; lastKnownFileType = sourcecode.swift; path = PlantWateringAssignmentApp.swift; sourceTree = "<group>"; };
		D512146505EF462FAEB8F27C /* Plant.swift */ = {isa = PBXFileReference; lastKnownFileType = sourcecode.swift; path = Plant.swift; sourceTree = "<group>"; };
		899852A0731B49EAAD5A5DA6 /* PlantViewModel.swift */ = {isa = PBXFileReference; lastKnownFileType = sourcecode.swift; path = PlantViewModel.swift; sourceTree = "<group>"; };
		117B97539D3D4789BF2A863C /* PlantListView.swift */ = {isa = PBXFileReference; lastKnownFileType = sourcecode.swift; path = PlantListView.swift; sourceTree = "<group>"; };
		8A340B55594D4824B7E4C57D /* AddPlantView.swift */ = {isa = PBXFileReference; lastKnownFileType = sourcecode.swift; path = AddPlantView.swift; sourceTree = "<group>"; };
		00815AA73CB04BE8B1238742 /* PlantDetailView.swift */ = {isa = PBXFileReference; lastKnownFileType = sourcecode.swift; path = PlantDetailView.swift; sourceTree = "<group>"; };
		83137A49A0074C1AA0A259FC /* Assets.xcassets */ = {isa = PBXFileReference; lastKnownFileType = folder.assetcatalog; path = Assets.xcassets; sourceTree = "<group>"; };
		12BA93C33F5A40EB8A66B24D /* Preview Assets.xcassets */ = {isa = PBXFileReference; lastKnownFileType = folder.assetcatalog; path = "Preview Assets.xcassets"; sourceTree = "<group>"; };
/* End PBXFileReference section */

/* Begin PBXFrameworksBuildPhase section */
		6B1A034D0E694D72B3E0C207 /* Frameworks */ = {isa = PBXFrameworksBuildPhase; buildActionMask = 2147483647; files = (); runOnlyForDeploymentPostprocessing = 0; };
/* End PBXFrameworksBuildPhase section */

/* Begin PBXGroup section */
		DFFC57437E9B4A0CAF5A9C12 = {
			isa = PBXGroup;
			children = (
				94394599EF1A4E6594ECB6AE /* PlantWateringAssignment */,
				FDF13E49C4FD4DB392A5E5E0 /* Products */,
			);
			sourceTree = "<group>";
		};
		FDF13E49C4FD4DB392A5E5E0 /* Products */ = {
			isa = PBXGroup;
			children = (
				A8B986C0BCFA4D979C142793 /* PlantWateringAssignment.app */,
			);
			name = Products;
			sourceTree = "<group>";
		};
		94394599EF1A4E6594ECB6AE /* PlantWateringAssignment */ = {
			isa = PBXGroup;
			children = (
				6F87A4E9DF144A3CAD792530 /* PlantWateringAssignmentApp.swift */,
				D512146505EF462FAEB8F27C /* Plant.swift */,
				899852A0731B49EAAD5A5DA6 /* PlantViewModel.swift */,
				8BCDBCE9FB284DAD856E2BAA /* Views */,
				83137A49A0074C1AA0A259FC /* Assets.xcassets */,
				A0639708FC43471694840161 /* Preview Content */,
			);
			path = PlantWateringAssignment;
			sourceTree = "<group>";
		};
		8BCDBCE9FB284DAD856E2BAA /* Views */ = {
			isa = PBXGroup;
			children = (
				117B97539D3D4789BF2A863C /* PlantListView.swift */,
				8A340B55594D4824B7E4C57D /* AddPlantView.swift */,
				00815AA73CB04BE8B1238742 /* PlantDetailView.swift */,
			);
			path = Views;
			sourceTree = "<group>";
		};
		A0639708FC43471694840161 /* Preview Content */ = {
			isa = PBXGroup;
			children = (
				12BA93C33F5A40EB8A66B24D /* Preview Assets.xcassets */,
			);
			path = "Preview Content";
			sourceTree = "<group>";
		};
/* End PBXGroup section */

/* Begin PBXNativeTarget section */
		1ED6DF9B1F3A454C8FEA993B /* PlantWateringAssignment */ = {
			isa = PBXNativeTarget;
			buildConfigurationList = 30E0ABAC8EC745DA82583ED9 /* Build configuration list for PBXNativeTarget "PlantWateringAssignment" */;
			buildPhases = (
				C01E96F9F37746A48C15C7F4 /* Sources */,
				6B1A034D0E694D72B3E0C207 /* Frameworks */,
				7FD276A0C97E4D9FADBDA3A7 /* Resources */,
			);
			buildRules = (
			);
			dependencies = (
			);
			name = PlantWateringAssignment;
			productName = PlantWateringAssignment;
			productReference = A8B986C0BCFA4D979C142793 /* PlantWateringAssignment.app */;
			productType = "com.apple.product-type.application";
		};
/* End PBXNativeTarget section */

/* Begin PBXProject section */
		90F3C4CEAB7A4E4598F97101 /* Project object */ = {
			isa = PBXProject;
			attributes = {
				BuildIndependentTargetsInParallel = 1;
				LastSwiftUpdateCheck = 1500;
				LastUpgradeCheck = 1500;
				TargetAttributes = {
					1ED6DF9B1F3A454C8FEA993B = {
						CreatedOnToolsVersion = 15.0;
					};
				};
			};
			buildConfigurationList = 02CA8E12DAD841DBB66A0161 /* Build configuration list for PBXProject "PlantWateringAssignment" */;
			compatibilityVersion = "Xcode 14.0";
			developmentRegion = en;
			hasScannedForEncodings = 0;
			knownRegions = (
				en,
				Base,
			);
			mainGroup = DFFC57437E9B4A0CAF5A9C12;
			productRefGroup = FDF13E49C4FD4DB392A5E5E0 /* Products */;
			projectDirPath = "";
			projectRoot = "";
			targets = (
				1ED6DF9B1F3A454C8FEA993B /* PlantWateringAssignment */,
			);
		};
/* End PBXProject section */

/* Begin PBXResourcesBuildPhase section */
		7FD276A0C97E4D9FADBDA3A7 /* Resources */ = {
			isa = PBXResourcesBuildPhase;
			buildActionMask = 2147483647;
			files = (
				E9B1A6DD1EF844C28978AE91 /* Preview Assets.xcassets in Resources */,
				83D6CAEAE85C410093A07948 /* Assets.xcassets in Resources */,
			);
			runOnlyForDeploymentPostprocessing = 0;
		};
/* End PBXResourcesBuildPhase section */

/* Begin PBXSourcesBuildPhase section */
		C01E96F9F37746A48C15C7F4 /* Sources */ = {
			isa = PBXSourcesBuildPhase;
			buildActionMask = 2147483647;
			files = (
				28E2B420DA5F4260B8C23057 /* PlantListView.swift in Sources */,
				5F0FD483CC6B43A4BD48630A /* PlantWateringAssignmentApp.swift in Sources */,
				D1F77E2B2DDE435699421F1F /* Plant.swift in Sources */,
				F18E6D45A0F04683ADC4EC38 /* PlantViewModel.swift in Sources */,
				BAEA4A8D71D24C0EA469D9F4 /* AddPlantView.swift in Sources */,
				F797850A366340F3A9216937 /* PlantDetailView.swift in Sources */,
			);
			runOnlyForDeploymentPostprocessing = 0;
		};
/* End PBXSourcesBuildPhase section */

/* Begin XCBuildConfiguration section */
		43AF9B7B6CA54A759B374639 /* Debug */ = {
			isa = XCBuildConfiguration;
			buildSettings = {
				ALWAYS_SEARCH_USER_PATHS = NO;
				ASSETCATALOG_COMPILER_GENERATE_SWIFT_ASSET_SYMBOL_EXTENSIONS = YES;
				CLANG_ANALYZER_NONNULL = YES;
				CLANG_ANALYZER_NUMBER_OBJECT_CONVERSION = YES_AGGRESSIVE;
				CLANG_CXX_LANGUAGE_STANDARD = "gnu++20";
				CLANG_ENABLE_MODULES = YES;
				CLANG_ENABLE_OBJC_ARC = YES;
				CLANG_ENABLE_OBJC_WEAK = YES;
				CLANG_WARN_BLOCK_CAPTURE_AUTORELEASING = YES;
				CLANG_WARN_BOOL_CONVERSION = YES;
				CLANG_WARN_COMMA = YES;
				CLANG_WARN_CONSTANT_CONVERSION = YES;
				CLANG_WARN_DEPRECATED_OBJC_IMPLEMENTATIONS = YES;
				CLANG_WARN_DIRECT_OBJC_ISA_USAGE = YES_ERROR;
				CLANG_WARN_DOCUMENTATION_COMMENTS = YES;
				CLANG_WARN_EMPTY_BODY = YES;
				CLANG_WARN_ENUM_CONVERSION = YES;
				CLANG_WARN_INFINITE_RECURSION = YES;
				CLANG_WARN_INT_CONVERSION = YES;
				CLANG_WARN_NON_LITERAL_NULL_CONVERSION = YES;
				CLANG_WARN_OBJC_IMPLICIT_RETAIN_SELF = YES;
				CLANG_WARN_OBJC_LITERAL_CONVERSION = YES;
				CLANG_WARN_OBJC_ROOT_CLASS = YES_ERROR;
				CLANG_WARN_QUOTED_INCLUDE_IN_FRAMEWORK_HEADER = YES;
				CLANG_WARN_RANGE_LOOP_ANALYSIS = YES;
				CLANG_WARN_STRICT_PROTOTYPES = YES;
				CLANG_WARN_SUSPICIOUS_MOVE = YES;
				CLANG_WARN_UNGUARDED_AVAILABILITY = YES_AGGRESSIVE;
				CLANG_WARN_UNREACHABLE_CODE = YES;
				CLANG_WARN__DUPLICATE_METHOD_MATCH = YES;
				COPY_PHASE_STRIP = NO;
				DEBUG_INFORMATION_FORMAT = dwarf;
				ENABLE_STRICT_OBJC_MSGSEND = YES;
				ENABLE_TESTABILITY = YES;
				ENABLE_USER_SCRIPT_SANDBOXING = YES;
				GCC_C_LANGUAGE_STANDARD = gnu17;
				GCC_DYNAMIC_NO_PIC = NO;
				GCC_NO_COMMON_BLOCKS = YES;
				GCC_OPTIMIZATION_LEVEL = 0;
				GCC_PREPROCESSOR_DEFINITIONS = (
					"DEBUG=1",
					"$(inherited)",
				);
				GCC_WARN_64_TO_32_BIT_CONVERSION = YES;
				GCC_WARN_ABOUT_RETURN_TYPE = YES_ERROR;
				GCC_WARN_UNDECLARED_SELECTOR = YES;
				GCC_WARN_UNINITIALIZED_AUTOS = YES_AGGRESSIVE;
				GCC_WARN_UNUSED_FUNCTION = YES;
				GCC_WARN_UNUSED_VARIABLE = YES;
				IPHONEOS_DEPLOYMENT_TARGET = 17.0;
				LOCALIZATION_PREFERS_STRING_CATALOGS = YES;
				MTL_ENABLE_DEBUG_INFO = INCLUDE_SOURCE;
				MTL_FAST_MATH = YES;
				ONLY_ACTIVE_ARCH = YES;
				SDKROOT = iphoneos;
				SWIFT_ACTIVE_COMPILATION_CONDITIONS = "DEBUG $(inherited)";
				SWIFT_OPTIMIZATION_LEVEL = "-Onone";
			};
			name = Debug;
		};
		C4C3AFEADFF04E15ADE81C29 /* Release */ = {
			isa = XCBuildConfiguration;
			buildSettings = {
				ALWAYS_SEARCH_USER_PATHS = NO;
				ASSETCATALOG_COMPILER_GENERATE_SWIFT_ASSET_SYMBOL_EXTENSIONS = YES;
				CLANG_ANALYZER_NONNULL = YES;
				CLANG_ANALYZER_NUMBER_OBJECT_CONVERSION = YES_AGGRESSIVE;
				CLANG_CXX_LANGUAGE_STANDARD = "gnu++20";
				CLANG_ENABLE_MODULES = YES;
				CLANG_ENABLE_OBJC_ARC = YES;
				CLANG_ENABLE_OBJC_WEAK = YES;
				CLANG_WARN_BLOCK_CAPTURE_AUTORELEASING = YES;
				CLANG_WARN_BOOL_CONVERSION = YES;
				CLANG_WARN_COMMA = YES;
				CLANG_WARN_CONSTANT_CONVERSION = YES;
				CLANG_WARN_DEPRECATED_OBJC_IMPLEMENTATIONS = YES;
				CLANG_WARN_DIRECT_OBJC_ISA_USAGE = YES_ERROR;
				CLANG_WARN_DOCUMENTATION_COMMENTS = YES;
				CLANG_WARN_EMPTY_BODY = YES;
				CLANG_WARN_ENUM_CONVERSION = YES;
				CLANG_WARN_INFINITE_RECURSION = YES;
				CLANG_WARN_INT_CONVERSION = YES;
				CLANG_WARN_NON_LITERAL_NULL_CONVERSION = YES;
				CLANG_WARN_OBJC_IMPLICIT_RETAIN_SELF = YES;
				CLANG_WARN_OBJC_LITERAL_CONVERSION = YES;
				CLANG_WARN_OBJC_ROOT_CLASS = YES_ERROR;
				CLANG_WARN_QUOTED_INCLUDE_IN_FRAMEWORK_HEADER = YES;
				CLANG_WARN_RANGE_LOOP_ANALYSIS = YES;
				CLANG_WARN_STRICT_PROTOTYPES = YES;
				CLANG_WARN_SUSPICIOUS_MOVE = YES;
				CLANG_WARN_UNGUARDED_AVAILABILITY = YES_AGGRESSIVE;
				CLANG_WARN_UNREACHABLE_CODE = YES;
				CLANG_WARN__DUPLICATE_METHOD_MATCH = YES;
				COPY_PHASE_STRIP = NO;
				DEBUG_INFORMATION_FORMAT = "dwarf-with-dsym";
				ENABLE_NS_ASSERTIONS = NO;
				ENABLE_STRICT_OBJC_MSGSEND = YES;
				ENABLE_USER_SCRIPT_SANDBOXING = YES;
				GCC_C_LANGUAGE_STANDARD = gnu17;
				GCC_NO_COMMON_BLOCKS = YES;
				GCC_WARN_64_TO_32_BIT_CONVERSION = YES;
				GCC_WARN_ABOUT_RETURN_TYPE = YES_ERROR;
				GCC_WARN_UNDECLARED_SELECTOR = YES;
				GCC_WARN_UNINITIALIZED_AUTOS = YES_AGGRESSIVE;
				GCC_WARN_UNUSED_FUNCTION = YES;
				GCC_WARN_UNUSED_VARIABLE = YES;
				IPHONEOS_DEPLOYMENT_TARGET = 17.0;
				LOCALIZATION_PREFERS_STRING_CATALOGS = YES;
				MTL_ENABLE_DEBUG_INFO = NO;
				MTL_FAST_MATH = YES;
				SDKROOT = iphoneos;
				SWIFT_COMPILATION_MODE = wholemodule;
				VALIDATE_PRODUCT = YES;
			};
			name = Release;
		};
		CA6D0D93BB5E4BB6BE95C325 /* Debug */ = {
			isa = XCBuildConfiguration;
			buildSettings = {
				ASSETCATALOG_COMPILER_APPICON_NAME = AppIcon;
				ASSETCATALOG_COMPILER_GLOBAL_ACCENT_COLOR_NAME = AccentColor;
				CODE_SIGN_STYLE = Automatic;
				CURRENT_PROJECT_VERSION = 1;
				DEVELOPMENT_ASSET_PATHS = "\"PlantWateringAssignment/Preview Content\"";
				ENABLE_PREVIEWS = YES;
				GENERATE_INFOPLIST_FILE = YES;
				INFOPLIST_KEY_UIApplicationSceneManifest_Generation = YES;
				INFOPLIST_KEY_UIApplicationSupportsIndirectInputEvents = YES;
				INFOPLIST_KEY_UILaunchScreen_Generation = YES;
				INFOPLIST_KEY_UISupportedInterfaceOrientations_iPad = "UIInterfaceOrientationPortrait UIInterfaceOrientationPortraitUpsideDown UIInterfaceOrientationLandscapeLeft UIInterfaceOrientationLandscapeRight";
				INFOPLIST_KEY_UISupportedInterfaceOrientations_iPhone = "UIInterfaceOrientationPortrait UIInterfaceOrientationLandscapeLeft UIInterfaceOrientationLandscapeRight";
				LD_RUNPATH_SEARCH_PATHS = (
					"$(inherited)",
					"@executable_path/Frameworks",
				);
				MARKETING_VERSION = 1.0;
				PRODUCT_BUNDLE_IDENTIFIER = com.gtiosclub.PlantWateringAssignment;
				PRODUCT_NAME = "$(TARGET_NAME)";
				SWIFT_EMIT_LOC_STRINGS = YES;
				SWIFT_VERSION = 5.0;
				TARGETED_DEVICE_FAMILY = "1,2";
			};
			name = Debug;
		};
		2F237CFA7A354D659C2354EF /* Release */ = {
			isa = XCBuildConfiguration;
			buildSettings = {
				ASSETCATALOG_COMPILER_APPICON_NAME = AppIcon;
				ASSETCATALOG_COMPILER_GLOBAL_ACCENT_COLOR_NAME = AccentColor;
				CODE_SIGN_STYLE = Automatic;
				CURRENT_PROJECT_VERSION = 1;
				DEVELOPMENT_ASSET_PATHS = "\"PlantWateringAssignment/Preview Content\"";
				ENABLE_PREVIEWS = YES;
				GENERATE_INFOPLIST_FILE = YES;
				INFOPLIST_KEY_UIApplicationSceneManifest_Generation = YES;
				INFOPLIST_KEY_UIApplicationSupportsIndirectInputEvents = YES;
				INFOPLIST_KEY_UILaunchScreen_Generation = YES;
				INFOPLIST_KEY_UISupportedInterfaceOrientations_iPad = "UIInterfaceOrientationPortrait UIInterfaceOrientationPortraitUpsideDown UIInterfaceOrientationLandscapeLeft UIInterfaceOrientationLandscapeRight";
				INFOPLIST_KEY_UISupportedInterfaceOrientations_iPhone = "UIInterfaceOrientationPortrait UIInterfaceOrientationLandscapeLeft UIInterfaceOrientationLandscapeRight";
				LD_RUNPATH_SEARCH_PATHS = (
					"$(inherited)",
					"@executable_path/Frameworks",
				);
				MARKETING_VERSION = 1.0;
				PRODUCT_BUNDLE_IDENTIFIER = com.gtiosclub.PlantWateringAssignment;
				PRODUCT_NAME = "$(TARGET_NAME)";
				SWIFT_EMIT_LOC_STRINGS = YES;
				SWIFT_VERSION = 5.0;
				TARGETED_DEVICE_FAMILY = "1,2";
			};
			name = Release;
		};
/* End XCBuildConfiguration section */

/* Begin XCConfigurationList section */
		02CA8E12DAD841DBB66A0161 /* Build configuration list for PBXProject "PlantWateringAssignment" */ = {
			isa = XCConfigurationList;
			buildConfigurations = (
				43AF9B7B6CA54A759B374639 /* Debug */,
				C4C3AFEADFF04E15ADE81C29 /* Release */,
			);
			defaultConfigurationIsVisible = 0;
			defaultConfigurationName = Release;
		};
		30E0ABAC8EC745DA82583ED9 /* Build configuration list for PBXNativeTarget "PlantWateringAssignment" */ = {
			isa = XCConfigurationList;
			buildConfigurations = (
				CA6D0D93BB5E4BB6BE95C325 /* Debug */,
				2F237CFA7A354D659C2354EF /* Release */,
			);
			defaultConfigurationIsVisible = 0;
			defaultConfigurationName = Release;
		};
/* End XCConfigurationList section */
	};
	rootObject = 90F3C4CEAB7A4E4598F97101 /* Project object */;
}
